{
  "name": "dmo",
  "version": "0.0.1",
  "lockfileVersion": 1,
  "requires": true,
  "dependencies": {
    "@stencil/core": {
      "version": "1.6.1",
      "resolved": "https://artifacts.mastercard.int:443/artifactory/api/npm/npm-all/@stencil/core/-/core-1.6.1.tgz",
      "integrity": "sha1-J8Ao+PF8Qs3nUF44kYWb0fNfhF0=",
      "dev": true,
      "requires": {
        "typescript": "3.6.3"
      }
    },
    "@stencil/sass": {
      "version": "1.0.1",
      "resolved": "https://artifacts.mastercard.int:443/artifactory/api/npm/npm-all/@stencil/sass/-/sass-1.0.1.tgz",
      "integrity": "sha1-nux7VAKbFLovU/VAaH2Rru2QkRo=",
      "dev": true
    },
    "typescript": {
      "version": "3.6.3",
      "resolved": "https://artifacts.mastercard.int:443/artifactory/api/npm/npm-all/typescript/-/typescript-3.6.3.tgz",
      "integrity": "sha1-/qlC+rsg9+HKcWT/Ym8anz9wtNo=",
      "dev": true
    }
  }
}
